
Microsoft Visual Studio Solution File, Format Version 12.00
# Visual Studio Version 16
VisualStudioVersion = 16.0.30907.101
MinimumVisualStudioVersion = 10.0.40219.1
Project("{2150E333-8FDC-42A3-9474-1A3956D46DE8}") = "Churras", "Churras", "{2D541B7B-C988-4E6A-81D8-4D5D2B14F82C}"
EndProject
Project("{2150E333-8FDC-42A3-9474-1A3956D46DE8}") = "Kernel", "Kernel", "{BD8E5CB5-AA50-451F-8557-F07A53D0D427}"
EndProject
Project("{9A19103F-16F7-4668-BE54-9A1E7A4F7556}") = "Empresa.Churras.Domain", "Empresa.Churras.Domain\Empresa.Churras.Domain.csproj", "{C93818D2-7401-495C-915C-BFD9ADC045FC}"
EndProject
Project("{9A19103F-16F7-4668-BE54-9A1E7A4F7556}") = "Empresa.Churras.Domain.Model", "Empresa.Churras.Domain.Model\Empresa.Churras.Domain.Model.csproj", "{42EFE4DF-E31B-4C27-959A-DC06CA08FADC}"
EndProject
Project("{9A19103F-16F7-4668-BE54-9A1E7A4F7556}") = "Empresa.Churras.Infra", "Empresa.Churras.Infra\Empresa.Churras.Infra.csproj", "{9BF51996-E1F7-4A02-9B81-262D597B42FE}"
EndProject
Project("{9A19103F-16F7-4668-BE54-9A1E7A4F7556}") = "Empresa.Churras.Tests", "Empresa.Churras.Tests\Empresa.Churras.Tests.csproj", "{1FA33BCD-7C20-416E-8A7A-3397B8691A36}"
EndProject
Project("{9A19103F-16F7-4668-BE54-9A1E7A4F7556}") = "Empresa.Churras.Api", "Empresa.Churras.Api\Empresa.Churras.Api.csproj", "{C6FD886B-CA65-44FB-A3D1-CDE215921C54}"
EndProject
Project("{9A19103F-16F7-4668-BE54-9A1E7A4F7556}") = "Empresa.Churras.Front.Wasm", "Empresa.Churras.Front.Wasm\Empresa.Churras.Front.Wasm.csproj", "{83521D8E-A578-472A-8A28-5DD0949D1A13}"
EndProject
Project("{9A19103F-16F7-4668-BE54-9A1E7A4F7556}") = "Kernel.Domain.Model", "..\Kernel\Kernel.Domain.Model\Kernel.Domain.Model.csproj", "{D6D175C5-39AE-4E77-A572-C7101113A3F8}"
EndProject
Project("{9A19103F-16F7-4668-BE54-9A1E7A4F7556}") = "Kernel.Domain", "..\Kernel\Kernel.Domain\Kernel.Domain.csproj", "{AB1538FA-30E6-4BE2-8698-269B9BA4C24A}"
EndProject
Project("{9A19103F-16F7-4668-BE54-9A1E7A4F7556}") = "Kernel.Infra", "..\Kernel\Kernel.Infra\Kernel.Infra.csproj", "{F6877E8B-53EB-48CD-A86A-F2FC4CBDC45B}"
EndProject
Global
	GlobalSection(SolutionConfigurationPlatforms) = preSolution
		Debug|Any CPU = Debug|Any CPU
		Release|Any CPU = Release|Any CPU
	EndGlobalSection
	GlobalSection(ProjectConfigurationPlatforms) = postSolution
		{C93818D2-7401-495C-915C-BFD9ADC045FC}.Debug|Any CPU.ActiveCfg = Debug|Any CPU
		{C93818D2-7401-495C-915C-BFD9ADC045FC}.Debug|Any CPU.Build.0 = Debug|Any CPU
		{C93818D2-7401-495C-915C-BFD9ADC045FC}.Release|Any CPU.ActiveCfg = Release|Any CPU
		{C93818D2-7401-495C-915C-BFD9ADC045FC}.Release|Any CPU.Build.0 = Release|Any CPU
		{42EFE4DF-E31B-4C27-959A-DC06CA08FADC}.Debug|Any CPU.ActiveCfg = Debug|Any CPU
		{42EFE4DF-E31B-4C27-959A-DC06CA08FADC}.Debug|Any CPU.Build.0 = Debug|Any CPU
		{42EFE4DF-E31B-4C27-959A-DC06CA08FADC}.Release|Any CPU.ActiveCfg = Release|Any CPU
		{42EFE4DF-E31B-4C27-959A-DC06CA08FADC}.Release|Any CPU.Build.0 = Release|Any CPU
		{9BF51996-E1F7-4A02-9B81-262D597B42FE}.Debug|Any CPU.ActiveCfg = Debug|Any CPU
		{9BF51996-E1F7-4A02-9B81-262D597B42FE}.Debug|Any CPU.Build.0 = Debug|Any CPU
		{9BF51996-E1F7-4A02-9B81-262D597B42FE}.Release|Any CPU.ActiveCfg = Release|Any CPU
		{9BF51996-E1F7-4A02-9B81-262D597B42FE}.Release|Any CPU.Build.0 = Release|Any CPU
		{1FA33BCD-7C20-416E-8A7A-3397B8691A36}.Debug|Any CPU.ActiveCfg = Debug|Any CPU
		{1FA33BCD-7C20-416E-8A7A-3397B8691A36}.Debug|Any CPU.Build.0 = Debug|Any CPU
		{1FA33BCD-7C20-416E-8A7A-3397B8691A36}.Release|Any CPU.ActiveCfg = Release|Any CPU
		{1FA33BCD-7C20-416E-8A7A-3397B8691A36}.Release|Any CPU.Build.0 = Release|Any CPU
		{C6FD886B-CA65-44FB-A3D1-CDE215921C54}.Debug|Any CPU.ActiveCfg = Debug|Any CPU
		{C6FD886B-CA65-44FB-A3D1-CDE215921C54}.Debug|Any CPU.Build.0 = Debug|Any CPU
		{C6FD886B-CA65-44FB-A3D1-CDE215921C54}.Release|Any CPU.ActiveCfg = Release|Any CPU
		{C6FD886B-CA65-44FB-A3D1-CDE215921C54}.Release|Any CPU.Build.0 = Release|Any CPU
		{83521D8E-A578-472A-8A28-5DD0949D1A13}.Debug|Any CPU.ActiveCfg = Debug|Any CPU
		{83521D8E-A578-472A-8A28-5DD0949D1A13}.Debug|Any CPU.Build.0 = Debug|Any CPU
		{83521D8E-A578-472A-8A28-5DD0949D1A13}.Release|Any CPU.ActiveCfg = Release|Any CPU
		{83521D8E-A578-472A-8A28-5DD0949D1A13}.Release|Any CPU.Build.0 = Release|Any CPU
		{D6D175C5-39AE-4E77-A572-C7101113A3F8}.Debug|Any CPU.ActiveCfg = Debug|Any CPU
		{D6D175C5-39AE-4E77-A572-C7101113A3F8}.Debug|Any CPU.Build.0 = Debug|Any CPU
		{D6D175C5-39AE-4E77-A572-C7101113A3F8}.Release|Any CPU.ActiveCfg = Release|Any CPU
		{D6D175C5-39AE-4E77-A572-C7101113A3F8}.Release|Any CPU.Build.0 = Release|Any CPU
		{AB1538FA-30E6-4BE2-8698-269B9BA4C24A}.Debug|Any CPU.ActiveCfg = Debug|Any CPU
		{AB1538FA-30E6-4BE2-8698-269B9BA4C24A}.Debug|Any CPU.Build.0 = Debug|Any CPU
		{AB1538FA-30E6-4BE2-8698-269B9BA4C24A}.Release|Any CPU.ActiveCfg = Release|Any CPU
		{AB1538FA-30E6-4BE2-8698-269B9BA4C24A}.Release|Any CPU.Build.0 = Release|Any CPU
		{F6877E8B-53EB-48CD-A86A-F2FC4CBDC45B}.Debug|Any CPU.ActiveCfg = Debug|Any CPU
		{F6877E8B-53EB-48CD-A86A-F2FC4CBDC45B}.Debug|Any CPU.Build.0 = Debug|Any CPU
		{F6877E8B-53EB-48CD-A86A-F2FC4CBDC45B}.Release|Any CPU.ActiveCfg = Release|Any CPU
		{F6877E8B-53EB-48CD-A86A-F2FC4CBDC45B}.Release|Any CPU.Build.0 = Release|Any CPU
	EndGlobalSection
	GlobalSection(SolutionProperties) = preSolution
		HideSolutionNode = FALSE
	EndGlobalSection
	GlobalSection(NestedProjects) = preSolution
		{C93818D2-7401-495C-915C-BFD9ADC045FC} = {2D541B7B-C988-4E6A-81D8-4D5D2B14F82C}
		{42EFE4DF-E31B-4C27-959A-DC06CA08FADC} = {2D541B7B-C988-4E6A-81D8-4D5D2B14F82C}
		{9BF51996-E1F7-4A02-9B81-262D597B42FE} = {2D541B7B-C988-4E6A-81D8-4D5D2B14F82C}
		{1FA33BCD-7C20-416E-8A7A-3397B8691A36} = {2D541B7B-C988-4E6A-81D8-4D5D2B14F82C}
		{C6FD886B-CA65-44FB-A3D1-CDE215921C54} = {2D541B7B-C988-4E6A-81D8-4D5D2B14F82C}
		{83521D8E-A578-472A-8A28-5DD0949D1A13} = {2D541B7B-C988-4E6A-81D8-4D5D2B14F82C}
		{D6D175C5-39AE-4E77-A572-C7101113A3F8} = {BD8E5CB5-AA50-451F-8557-F07A53D0D427}
		{AB1538FA-30E6-4BE2-8698-269B9BA4C24A} = {BD8E5CB5-AA50-451F-8557-F07A53D0D427}
		{F6877E8B-53EB-48CD-A86A-F2FC4CBDC45B} = {BD8E5CB5-AA50-451F-8557-F07A53D0D427}
	EndGlobalSection
	GlobalSection(ExtensibilityGlobals) = postSolution
		SolutionGuid = {F67E4CB0-D445-46CB-A2FB-84C802371161}
	EndGlobalSection
EndGlobal
