
Microsoft Visual Studio Solution File, Format Version 12.00
# Visual Studio Version 16
VisualStudioVersion = 16.0.30907.101
MinimumVisualStudioVersion = 10.0.40219.1
Project("{9A19103F-16F7-4668-BE54-9A1E7A4F7556}") = "helloworld", "helloworld.csproj", "{1E25E81D-B219-437A-8FE2-96AB1466BC28}"
EndProject
Global
	GlobalSection(SolutionConfigurationPlatforms) = preSolution
		Debug|Any CPU = Debug|Any CPU
		Release|Any CPU = Release|Any CPU
	EndGlobalSection
	GlobalSection(ProjectConfigurationPlatforms) = postSolution
		{1E25E81D-B219-437A-8FE2-96AB1466BC28}.Debug|Any CPU.ActiveCfg = Debug|Any CPU
		{1E25E81D-B219-437A-8FE2-96AB1466BC28}.Debug|Any CPU.Build.0 = Debug|Any CPU
		{1E25E81D-B219-437A-8FE2-96AB1466BC28}.Release|Any CPU.ActiveCfg = Release|Any CPU
		{1E25E81D-B219-437A-8FE2-96AB1466BC28}.Release|Any CPU.Build.0 = Release|Any CPU
	EndGlobalSection
	GlobalSection(SolutionProperties) = preSolution
		HideSolutionNode = FALSE
	EndGlobalSection
	GlobalSection(ExtensibilityGlobals) = postSolution
		SolutionGuid = {F02B9BB6-B46E-4307-89F0-0FA9C58D2A76}
	EndGlobalSection
EndGlobal
