
Microsoft Visual Studio Solution File, Format Version 12.00
# Visual Studio Version 16
VisualStudioVersion = 16.0.30907.101
MinimumVisualStudioVersion = 10.0.40219.1
Project("{FAE04EC0-301F-11D3-BF4B-00C04F79EFBC}") = "TDDHelloWorld.Domain", "TDDHelloWorld.Domain\TDDHelloWorld.Domain.csproj", "{4AE013FC-37A0-4894-ADAF-AC39523C5E86}"
EndProject
Project("{FAE04EC0-301F-11D3-BF4B-00C04F79EFBC}") = "TDDHelloWorld.Tests", "TDDHelloWorld.Tests\TDDHelloWorld.Tests.csproj", "{FA5B1B23-A1A2-4228-962F-8EF4D66A5DFE}"
EndProject
Global
	GlobalSection(SolutionConfigurationPlatforms) = preSolution
		Debug|Any CPU = Debug|Any CPU
		Release|Any CPU = Release|Any CPU
	EndGlobalSection
	GlobalSection(ProjectConfigurationPlatforms) = postSolution
		{4AE013FC-37A0-4894-ADAF-AC39523C5E86}.Debug|Any CPU.ActiveCfg = Debug|Any CPU
		{4AE013FC-37A0-4894-ADAF-AC39523C5E86}.Debug|Any CPU.Build.0 = Debug|Any CPU
		{4AE013FC-37A0-4894-ADAF-AC39523C5E86}.Release|Any CPU.ActiveCfg = Release|Any CPU
		{4AE013FC-37A0-4894-ADAF-AC39523C5E86}.Release|Any CPU.Build.0 = Release|Any CPU
		{FA5B1B23-A1A2-4228-962F-8EF4D66A5DFE}.Debug|Any CPU.ActiveCfg = Debug|Any CPU
		{FA5B1B23-A1A2-4228-962F-8EF4D66A5DFE}.Debug|Any CPU.Build.0 = Debug|Any CPU
		{FA5B1B23-A1A2-4228-962F-8EF4D66A5DFE}.Release|Any CPU.ActiveCfg = Release|Any CPU
		{FA5B1B23-A1A2-4228-962F-8EF4D66A5DFE}.Release|Any CPU.Build.0 = Release|Any CPU
	EndGlobalSection
	GlobalSection(SolutionProperties) = preSolution
		HideSolutionNode = FALSE
	EndGlobalSection
	GlobalSection(ExtensibilityGlobals) = postSolution
		SolutionGuid = {EE9E2B81-349B-4528-8B07-7181B11997D1}
	EndGlobalSection
EndGlobal
